
Microsoft Visual Studio Solution File, Format Version 11.00
# Visual Studio 2010
Project("{F184B08F-C81C-45F6-A57F-5ABD9991F28F}") = "LimeSeed", "LimeSeed\LimeSeed.vbproj", "{972BCCFF-CF90-435F-AD00-3DC0A65CC29D}"
	ProjectSection(ProjectDependencies) = postProject
		{FEF5498A-410C-4A9A-9CCA-16E07BE34A74} = {FEF5498A-410C-4A9A-9CCA-16E07BE34A74}
		{102C8DB0-8D4F-4307-B73E-A77CB977DF11} = {102C8DB0-8D4F-4307-B73E-A77CB977DF11}
	EndProjectSection
EndProject
Project("{F184B08F-C81C-45F6-A57F-5ABD9991F28F}") = "LSFA", "LSFA\LSFA.vbproj", "{5D050FC7-B16D-4F49-A6F0-21CE62316EDD}"
EndProject
Project("{F184B08F-C81C-45F6-A57F-5ABD9991F28F}") = "GreenThumb", "GreenThumb\GreenThumb.vbproj", "{FEF5498A-410C-4A9A-9CCA-16E07BE34A74}"
	ProjectSection(ProjectDependencies) = postProject
		{102C8DB0-8D4F-4307-B73E-A77CB977DF11} = {102C8DB0-8D4F-4307-B73E-A77CB977DF11}
	EndProjectSection
EndProject
Project("{F184B08F-C81C-45F6-A57F-5ABD9991F28F}") = "Seed", "Seed\Seed.vbproj", "{102C8DB0-8D4F-4307-B73E-A77CB977DF11}"
EndProject
Project("{FAE04EC0-301F-11D3-BF4B-00C04F79EFBC}") = "FFDShowAPI_2010", "FFAPI\FFDShowAPI_2010.csproj", "{69CF2FFC-CB08-42F8-8DE9-E5C32F3FE8BA}"
EndProject
Global
	GlobalSection(SolutionConfigurationPlatforms) = preSolution
		Debug ASCII|Any CPU = Debug ASCII|Any CPU
		Debug ASCII|x64 = Debug ASCII|x64
		Debug ASCII|x86 = Debug ASCII|x86
		Debug|Any CPU = Debug|Any CPU
		Debug|x64 = Debug|x64
		Debug|x86 = Debug|x86
		Release ASCII|Any CPU = Release ASCII|Any CPU
		Release ASCII|x64 = Release ASCII|x64
		Release ASCII|x86 = Release ASCII|x86
		Release|Any CPU = Release|Any CPU
		Release|x64 = Release|x64
		Release|x86 = Release|x86
	EndGlobalSection
	GlobalSection(ProjectConfigurationPlatforms) = postSolution
		{972BCCFF-CF90-435F-AD00-3DC0A65CC29D}.Debug ASCII|Any CPU.ActiveCfg = Debug|Any CPU
		{972BCCFF-CF90-435F-AD00-3DC0A65CC29D}.Debug ASCII|Any CPU.Build.0 = Debug|Any CPU
		{972BCCFF-CF90-435F-AD00-3DC0A65CC29D}.Debug ASCII|x64.ActiveCfg = Debug|Any CPU
		{972BCCFF-CF90-435F-AD00-3DC0A65CC29D}.Debug ASCII|x86.ActiveCfg = Debug|Any CPU
		{972BCCFF-CF90-435F-AD00-3DC0A65CC29D}.Debug|Any CPU.ActiveCfg = Debug|Any CPU
		{972BCCFF-CF90-435F-AD00-3DC0A65CC29D}.Debug|Any CPU.Build.0 = Debug|Any CPU
		{972BCCFF-CF90-435F-AD00-3DC0A65CC29D}.Debug|x64.ActiveCfg = Debug|x86
		{972BCCFF-CF90-435F-AD00-3DC0A65CC29D}.Debug|x86.ActiveCfg = Debug|x86
		{972BCCFF-CF90-435F-AD00-3DC0A65CC29D}.Debug|x86.Build.0 = Debug|x86
		{972BCCFF-CF90-435F-AD00-3DC0A65CC29D}.Release ASCII|Any CPU.ActiveCfg = Release|Any CPU
		{972BCCFF-CF90-435F-AD00-3DC0A65CC29D}.Release ASCII|Any CPU.Build.0 = Release|Any CPU
		{972BCCFF-CF90-435F-AD00-3DC0A65CC29D}.Release ASCII|x64.ActiveCfg = Release|Any CPU
		{972BCCFF-CF90-435F-AD00-3DC0A65CC29D}.Release ASCII|x86.ActiveCfg = Release|Any CPU
		{972BCCFF-CF90-435F-AD00-3DC0A65CC29D}.Release|Any CPU.ActiveCfg = Release|Any CPU
		{972BCCFF-CF90-435F-AD00-3DC0A65CC29D}.Release|Any CPU.Build.0 = Release|Any CPU
		{972BCCFF-CF90-435F-AD00-3DC0A65CC29D}.Release|x64.ActiveCfg = Release|x86
		{972BCCFF-CF90-435F-AD00-3DC0A65CC29D}.Release|x86.ActiveCfg = Release|x86
		{972BCCFF-CF90-435F-AD00-3DC0A65CC29D}.Release|x86.Build.0 = Release|x86
		{5D050FC7-B16D-4F49-A6F0-21CE62316EDD}.Debug ASCII|Any CPU.ActiveCfg = Debug|Any CPU
		{5D050FC7-B16D-4F49-A6F0-21CE62316EDD}.Debug ASCII|Any CPU.Build.0 = Debug|Any CPU
		{5D050FC7-B16D-4F49-A6F0-21CE62316EDD}.Debug ASCII|x64.ActiveCfg = Debug|Any CPU
		{5D050FC7-B16D-4F49-A6F0-21CE62316EDD}.Debug ASCII|x86.ActiveCfg = Debug|Any CPU
		{5D050FC7-B16D-4F49-A6F0-21CE62316EDD}.Debug|Any CPU.ActiveCfg = Debug|Any CPU
		{5D050FC7-B16D-4F49-A6F0-21CE62316EDD}.Debug|Any CPU.Build.0 = Debug|Any CPU
		{5D050FC7-B16D-4F49-A6F0-21CE62316EDD}.Debug|x64.ActiveCfg = Debug|x86
		{5D050FC7-B16D-4F49-A6F0-21CE62316EDD}.Debug|x86.ActiveCfg = Debug|x86
		{5D050FC7-B16D-4F49-A6F0-21CE62316EDD}.Debug|x86.Build.0 = Debug|x86
		{5D050FC7-B16D-4F49-A6F0-21CE62316EDD}.Release ASCII|Any CPU.ActiveCfg = Release|Any CPU
		{5D050FC7-B16D-4F49-A6F0-21CE62316EDD}.Release ASCII|Any CPU.Build.0 = Release|Any CPU
		{5D050FC7-B16D-4F49-A6F0-21CE62316EDD}.Release ASCII|x64.ActiveCfg = Release|Any CPU
		{5D050FC7-B16D-4F49-A6F0-21CE62316EDD}.Release ASCII|x86.ActiveCfg = Release|Any CPU
		{5D050FC7-B16D-4F49-A6F0-21CE62316EDD}.Release|Any CPU.ActiveCfg = Release|Any CPU
		{5D050FC7-B16D-4F49-A6F0-21CE62316EDD}.Release|Any CPU.Build.0 = Release|Any CPU
		{5D050FC7-B16D-4F49-A6F0-21CE62316EDD}.Release|x64.ActiveCfg = Release|x86
		{5D050FC7-B16D-4F49-A6F0-21CE62316EDD}.Release|x86.ActiveCfg = Release|x86
		{5D050FC7-B16D-4F49-A6F0-21CE62316EDD}.Release|x86.Build.0 = Release|x86
		{FEF5498A-410C-4A9A-9CCA-16E07BE34A74}.Debug ASCII|Any CPU.ActiveCfg = Debug|Any CPU
		{FEF5498A-410C-4A9A-9CCA-16E07BE34A74}.Debug ASCII|Any CPU.Build.0 = Debug|Any CPU
		{FEF5498A-410C-4A9A-9CCA-16E07BE34A74}.Debug ASCII|x64.ActiveCfg = Debug|Any CPU
		{FEF5498A-410C-4A9A-9CCA-16E07BE34A74}.Debug ASCII|x86.ActiveCfg = Debug|Any CPU
		{FEF5498A-410C-4A9A-9CCA-16E07BE34A74}.Debug|Any CPU.ActiveCfg = Debug|Any CPU
		{FEF5498A-410C-4A9A-9CCA-16E07BE34A74}.Debug|Any CPU.Build.0 = Debug|Any CPU
		{FEF5498A-410C-4A9A-9CCA-16E07BE34A74}.Debug|x64.ActiveCfg = Debug|Any CPU
		{FEF5498A-410C-4A9A-9CCA-16E07BE34A74}.Debug|x86.ActiveCfg = Debug|Any CPU
		{FEF5498A-410C-4A9A-9CCA-16E07BE34A74}.Release ASCII|Any CPU.ActiveCfg = Release|Any CPU
		{FEF5498A-410C-4A9A-9CCA-16E07BE34A74}.Release ASCII|Any CPU.Build.0 = Release|Any CPU
		{FEF5498A-410C-4A9A-9CCA-16E07BE34A74}.Release ASCII|x64.ActiveCfg = Release|Any CPU
		{FEF5498A-410C-4A9A-9CCA-16E07BE34A74}.Release ASCII|x86.ActiveCfg = Release|Any CPU
		{FEF5498A-410C-4A9A-9CCA-16E07BE34A74}.Release|Any CPU.ActiveCfg = Release|Any CPU
		{FEF5498A-410C-4A9A-9CCA-16E07BE34A74}.Release|Any CPU.Build.0 = Release|Any CPU
		{FEF5498A-410C-4A9A-9CCA-16E07BE34A74}.Release|x64.ActiveCfg = Release|Any CPU
		{FEF5498A-410C-4A9A-9CCA-16E07BE34A74}.Release|x86.ActiveCfg = Release|Any CPU
		{102C8DB0-8D4F-4307-B73E-A77CB977DF11}.Debug ASCII|Any CPU.ActiveCfg = Debug|x86
		{102C8DB0-8D4F-4307-B73E-A77CB977DF11}.Debug ASCII|x64.ActiveCfg = Debug|x86
		{102C8DB0-8D4F-4307-B73E-A77CB977DF11}.Debug ASCII|x86.ActiveCfg = Debug|x86
		{102C8DB0-8D4F-4307-B73E-A77CB977DF11}.Debug ASCII|x86.Build.0 = Debug|x86
		{102C8DB0-8D4F-4307-B73E-A77CB977DF11}.Debug|Any CPU.ActiveCfg = Debug|Any CPU
		{102C8DB0-8D4F-4307-B73E-A77CB977DF11}.Debug|Any CPU.Build.0 = Debug|Any CPU
		{102C8DB0-8D4F-4307-B73E-A77CB977DF11}.Debug|x64.ActiveCfg = Debug|x86
		{102C8DB0-8D4F-4307-B73E-A77CB977DF11}.Debug|x86.ActiveCfg = Debug|x86
		{102C8DB0-8D4F-4307-B73E-A77CB977DF11}.Debug|x86.Build.0 = Debug|x86
		{102C8DB0-8D4F-4307-B73E-A77CB977DF11}.Release ASCII|Any CPU.ActiveCfg = Release|x86
		{102C8DB0-8D4F-4307-B73E-A77CB977DF11}.Release ASCII|x64.ActiveCfg = Release|x86
		{102C8DB0-8D4F-4307-B73E-A77CB977DF11}.Release ASCII|x86.ActiveCfg = Release|x86
		{102C8DB0-8D4F-4307-B73E-A77CB977DF11}.Release ASCII|x86.Build.0 = Release|x86
		{102C8DB0-8D4F-4307-B73E-A77CB977DF11}.Release|Any CPU.ActiveCfg = Release|Any CPU
		{102C8DB0-8D4F-4307-B73E-A77CB977DF11}.Release|Any CPU.Build.0 = Release|Any CPU
		{102C8DB0-8D4F-4307-B73E-A77CB977DF11}.Release|x64.ActiveCfg = Release|x86
		{102C8DB0-8D4F-4307-B73E-A77CB977DF11}.Release|x86.ActiveCfg = Release|Any CPU
		{69CF2FFC-CB08-42F8-8DE9-E5C32F3FE8BA}.Debug ASCII|Any CPU.ActiveCfg = Debug ASCII|Any CPU
		{69CF2FFC-CB08-42F8-8DE9-E5C32F3FE8BA}.Debug ASCII|Any CPU.Build.0 = Debug ASCII|Any CPU
		{69CF2FFC-CB08-42F8-8DE9-E5C32F3FE8BA}.Debug ASCII|x64.ActiveCfg = Debug ASCII|x64
		{69CF2FFC-CB08-42F8-8DE9-E5C32F3FE8BA}.Debug ASCII|x64.Build.0 = Debug ASCII|x64
		{69CF2FFC-CB08-42F8-8DE9-E5C32F3FE8BA}.Debug ASCII|x86.ActiveCfg = Debug ASCII|x64
		{69CF2FFC-CB08-42F8-8DE9-E5C32F3FE8BA}.Debug|Any CPU.ActiveCfg = Debug|Any CPU
		{69CF2FFC-CB08-42F8-8DE9-E5C32F3FE8BA}.Debug|Any CPU.Build.0 = Debug|Any CPU
		{69CF2FFC-CB08-42F8-8DE9-E5C32F3FE8BA}.Debug|x64.ActiveCfg = Debug|x64
		{69CF2FFC-CB08-42F8-8DE9-E5C32F3FE8BA}.Debug|x64.Build.0 = Debug|x64
		{69CF2FFC-CB08-42F8-8DE9-E5C32F3FE8BA}.Debug|x86.ActiveCfg = Debug|x64
		{69CF2FFC-CB08-42F8-8DE9-E5C32F3FE8BA}.Release ASCII|Any CPU.ActiveCfg = Release ASCII|Any CPU
		{69CF2FFC-CB08-42F8-8DE9-E5C32F3FE8BA}.Release ASCII|Any CPU.Build.0 = Release ASCII|Any CPU
		{69CF2FFC-CB08-42F8-8DE9-E5C32F3FE8BA}.Release ASCII|x64.ActiveCfg = Release ASCII|x64
		{69CF2FFC-CB08-42F8-8DE9-E5C32F3FE8BA}.Release ASCII|x64.Build.0 = Release ASCII|x64
		{69CF2FFC-CB08-42F8-8DE9-E5C32F3FE8BA}.Release ASCII|x86.ActiveCfg = Release ASCII|x64
		{69CF2FFC-CB08-42F8-8DE9-E5C32F3FE8BA}.Release|Any CPU.ActiveCfg = Release|Any CPU
		{69CF2FFC-CB08-42F8-8DE9-E5C32F3FE8BA}.Release|Any CPU.Build.0 = Release|Any CPU
		{69CF2FFC-CB08-42F8-8DE9-E5C32F3FE8BA}.Release|x64.ActiveCfg = Release|x64
		{69CF2FFC-CB08-42F8-8DE9-E5C32F3FE8BA}.Release|x64.Build.0 = Release|x64
		{69CF2FFC-CB08-42F8-8DE9-E5C32F3FE8BA}.Release|x86.ActiveCfg = Release|x64
	EndGlobalSection
	GlobalSection(SolutionProperties) = preSolution
		HideSolutionNode = FALSE
	EndGlobalSection
EndGlobal
